
Microsoft Visual Studio Solution File, Format Version 12.00
# Visual Studio Version 16
VisualStudioVersion = 16.0.30907.101
MinimumVisualStudioVersion = 10.0.40219.1
Project("{FAE04EC0-301F-11D3-BF4B-00C04F79EFBC}") = "HelloWorld", "HelloWorld\HelloWorld.csproj", "{468D9C9F-8287-4120-BB3B-A93836FBF30C}"
EndProject
Global
	GlobalSection(SolutionConfigurationPlatforms) = preSolution
		Debug|Any CPU = Debug|Any CPU
		Release|Any CPU = Release|Any CPU
	EndGlobalSection
	GlobalSection(ProjectConfigurationPlatforms) = postSolution
		{468D9C9F-8287-4120-BB3B-A93836FBF30C}.Debug|Any CPU.ActiveCfg = Debug|Any CPU
		{468D9C9F-8287-4120-BB3B-A93836FBF30C}.Debug|Any CPU.Build.0 = Debug|Any CPU
		{468D9C9F-8287-4120-BB3B-A93836FBF30C}.Release|Any CPU.ActiveCfg = Release|Any CPU
		{468D9C9F-8287-4120-BB3B-A93836FBF30C}.Release|Any CPU.Build.0 = Release|Any CPU
	EndGlobalSection
	GlobalSection(SolutionProperties) = preSolution
		HideSolutionNode = FALSE
	EndGlobalSection
	GlobalSection(ExtensibilityGlobals) = postSolution
		SolutionGuid = {726C4376-AC45-4372-AF2B-31D83E8DA171}
	EndGlobalSection
EndGlobal
