
Microsoft Visual Studio Solution File, Format Version 12.00
# Visual Studio Version 16
VisualStudioVersion = 16.0.30907.101
MinimumVisualStudioVersion = 10.0.40219.1
Project("{9A19103F-16F7-4668-BE54-9A1E7A4F7556}") = "MathApp", "MathApp\MathApp.csproj", "{16DBBEBB-E238-4416-ADFE-745D94554A4C}"
EndProject
Project("{9A19103F-16F7-4668-BE54-9A1E7A4F7556}") = "TempConverter", "..\TempConverter\TempConverter\TempConverter.csproj", "{72AA75F5-A82E-4057-BA08-AD735D2E06DB}"
EndProject
Project("{9A19103F-16F7-4668-BE54-9A1E7A4F7556}") = "HelloWorld", "..\HelloWorld\HelloWorld\HelloWorld.csproj", "{E034108D-012C-4E1E-AC4E-07956B7C7656}"
EndProject
Global
	GlobalSection(SolutionConfigurationPlatforms) = preSolution
		Debug|Any CPU = Debug|Any CPU
		Release|Any CPU = Release|Any CPU
	EndGlobalSection
	GlobalSection(ProjectConfigurationPlatforms) = postSolution
		{16DBBEBB-E238-4416-ADFE-745D94554A4C}.Debug|Any CPU.ActiveCfg = Debug|Any CPU
		{16DBBEBB-E238-4416-ADFE-745D94554A4C}.Debug|Any CPU.Build.0 = Debug|Any CPU
		{16DBBEBB-E238-4416-ADFE-745D94554A4C}.Release|Any CPU.ActiveCfg = Release|Any CPU
		{16DBBEBB-E238-4416-ADFE-745D94554A4C}.Release|Any CPU.Build.0 = Release|Any CPU
		{72AA75F5-A82E-4057-BA08-AD735D2E06DB}.Debug|Any CPU.ActiveCfg = Debug|Any CPU
		{72AA75F5-A82E-4057-BA08-AD735D2E06DB}.Debug|Any CPU.Build.0 = Debug|Any CPU
		{72AA75F5-A82E-4057-BA08-AD735D2E06DB}.Release|Any CPU.ActiveCfg = Release|Any CPU
		{72AA75F5-A82E-4057-BA08-AD735D2E06DB}.Release|Any CPU.Build.0 = Release|Any CPU
		{E034108D-012C-4E1E-AC4E-07956B7C7656}.Debug|Any CPU.ActiveCfg = Debug|Any CPU
		{E034108D-012C-4E1E-AC4E-07956B7C7656}.Debug|Any CPU.Build.0 = Debug|Any CPU
		{E034108D-012C-4E1E-AC4E-07956B7C7656}.Release|Any CPU.ActiveCfg = Release|Any CPU
		{E034108D-012C-4E1E-AC4E-07956B7C7656}.Release|Any CPU.Build.0 = Release|Any CPU
	EndGlobalSection
	GlobalSection(SolutionProperties) = preSolution
		HideSolutionNode = FALSE
	EndGlobalSection
	GlobalSection(ExtensibilityGlobals) = postSolution
		SolutionGuid = {B5B7D22D-7B8C-410D-A8C6-216AAA9D9852}
	EndGlobalSection
EndGlobal
